
Microsoft Visual Studio Solution File, Format Version 12.00
# Visual Studio 15
VisualStudioVersion = 15.0.28307.1525
MinimumVisualStudioVersion = 10.0.40219.1
Project("{FAE04EC0-301F-11D3-BF4B-00C04F79EFBC}") = "Genious", "Genious\Genious.csproj", "{2F4A3C74-C710-49DF-B703-35592F9585B3}"
EndProject
Global
	GlobalSection(SolutionConfigurationPlatforms) = preSolution
		Debug|Any CPU = Debug|Any CPU
		Release|Any CPU = Release|Any CPU
	EndGlobalSection
	GlobalSection(ProjectConfigurationPlatforms) = postSolution
		{2F4A3C74-C710-49DF-B703-35592F9585B3}.Debug|Any CPU.ActiveCfg = Debug|Any CPU
		{2F4A3C74-C710-49DF-B703-35592F9585B3}.Debug|Any CPU.Build.0 = Debug|Any CPU
		{2F4A3C74-C710-49DF-B703-35592F9585B3}.Release|Any CPU.ActiveCfg = Release|Any CPU
		{2F4A3C74-C710-49DF-B703-35592F9585B3}.Release|Any CPU.Build.0 = Release|Any CPU
	EndGlobalSection
	GlobalSection(SolutionProperties) = preSolution
		HideSolutionNode = FALSE
	EndGlobalSection
	GlobalSection(ExtensibilityGlobals) = postSolution
		SolutionGuid = {080F463D-E45B-446D-8A3B-CF22C23C4DAA}
	EndGlobalSection
EndGlobal
